// !$*UTF8*$!
{
	archiveVersion = 1;
	classes = {
	};
	objectVersion = 46;
	objects = {

/* Begin PBXBuildFile section */
		D91AEE731CD136DC00EC147D /* AppDelegate.swift in Sources */ = {isa = PBXBuildFile; fileRef = D91AEE721CD136DC00EC147D /* AppDelegate.swift */; };
		D91AEE751CD136DC00EC147D /* ViewController.swift in Sources */ = {isa = PBXBuildFile; fileRef = D91AEE741CD136DC00EC147D /* ViewController.swift */; };
		D91AEE771CD136DC00EC147D /* Assets.xcassets in Resources */ = {isa = PBXBuildFile; fileRef = D91AEE761CD136DC00EC147D /* Assets.xcassets */; };
		D91AEE851CD136DC00EC147D /* beam_osxTests.swift in Sources */ = {isa = PBXBuildFile; fileRef = D91AEE841CD136DC00EC147D /* beam_osxTests.swift */; };
		D91AEE901CD136DC00EC147D /* beam_osxUITests.swift in Sources */ = {isa = PBXBuildFile; fileRef = D91AEE8F1CD136DC00EC147D /* beam_osxUITests.swift */; };
		D977E43D1CD13D650098C609 /* Screenshot.swift in Sources */ = {isa = PBXBuildFile; fileRef = D977E43C1CD13D650098C609 /* Screenshot.swift */; };
		D977E4431CD145110098C609 /* Application.xib in Resources */ = {isa = PBXBuildFile; fileRef = D977E4421CD145110098C609 /* Application.xib */; };
		D977E4471CD15CB40098C609 /* screenshot_tests.swift in Sources */ = {isa = PBXBuildFile; fileRef = D977E4461CD15CB40098C609 /* screenshot_tests.swift */; };
		D977E4481CD15DFA0098C609 /* Screenshot.swift in Sources */ = {isa = PBXBuildFile; fileRef = D977E43C1CD13D650098C609 /* Screenshot.swift */; };
/* End PBXBuildFile section */

/* Begin PBXContainerItemProxy section */
		D91AEE811CD136DC00EC147D /* PBXContainerItemProxy */ = {
			isa = PBXContainerItemProxy;
			containerPortal = D91AEE671CD136DC00EC147D /* Project object */;
			proxyType = 1;
			remoteGlobalIDString = D91AEE6E1CD136DC00EC147D;
			remoteInfo = "beam-osx";
		};
		D91AEE8C1CD136DC00EC147D /* PBXContainerItemProxy */ = {
			isa = PBXContainerItemProxy;
			containerPortal = D91AEE671CD136DC00EC147D /* Project object */;
			proxyType = 1;
			remoteGlobalIDString = D91AEE6E1CD136DC00EC147D;
			remoteInfo = "beam-osx";
		};
/* End PBXContainerItemProxy section */

/* Begin PBXFileReference section */
		D91AEE6F1CD136DC00EC147D /* beam-osx.app */ = {isa = PBXFileReference; explicitFileType = wrapper.application; includeInIndex = 0; path = "beam-osx.app"; sourceTree = BUILT_PRODUCTS_DIR; };
		D91AEE721CD136DC00EC147D /* AppDelegate.swift */ = {isa = PBXFileReference; lastKnownFileType = sourcecode.swift; path = AppDelegate.swift; sourceTree = "<group>"; };
		D91AEE741CD136DC00EC147D /* ViewController.swift */ = {isa = PBXFileReference; lastKnownFileType = sourcecode.swift; path = ViewController.swift; sourceTree = "<group>"; };
		D91AEE761CD136DC00EC147D /* Assets.xcassets */ = {isa = PBXFileReference; lastKnownFileType = folder.assetcatalog; path = Assets.xcassets; sourceTree = "<group>"; };
		D91AEE7B1CD136DC00EC147D /* Info.plist */ = {isa = PBXFileReference; lastKnownFileType = text.plist.xml; path = Info.plist; sourceTree = "<group>"; };
		D91AEE801CD136DC00EC147D /* beam-osxTests.xctest */ = {isa = PBXFileReference; explicitFileType = wrapper.cfbundle; includeInIndex = 0; path = "beam-osxTests.xctest"; sourceTree = BUILT_PRODUCTS_DIR; };
		D91AEE841CD136DC00EC147D /* beam_osxTests.swift */ = {isa = PBXFileReference; lastKnownFileType = sourcecode.swift; path = beam_osxTests.swift; sourceTree = "<group>"; };
		D91AEE861CD136DC00EC147D /* Info.plist */ = {isa = PBXFileReference; lastKnownFileType = text.plist.xml; path = Info.plist; sourceTree = "<group>"; };
		D91AEE8B1CD136DC00EC147D /* beam-osxUITests.xctest */ = {isa = PBXFileReference; explicitFileType = wrapper.cfbundle; includeInIndex = 0; path = "beam-osxUITests.xctest"; sourceTree = BUILT_PRODUCTS_DIR; };
		D91AEE8F1CD136DC00EC147D /* beam_osxUITests.swift */ = {isa = PBXFileReference; lastKnownFileType = sourcecode.swift; path = beam_osxUITests.swift; sourceTree = "<group>"; };
		D91AEE911CD136DC00EC147D /* Info.plist */ = {isa = PBXFileReference; lastKnownFileType = text.plist.xml; path = Info.plist; sourceTree = "<group>"; };
		D977E43C1CD13D650098C609 /* Screenshot.swift */ = {isa = PBXFileReference; fileEncoding = 4; lastKnownFileType = sourcecode.swift; path = Screenshot.swift; sourceTree = "<group>"; };
		D977E4421CD145110098C609 /* Application.xib */ = {isa = PBXFileReference; fileEncoding = 4; lastKnownFileType = file.xib; path = Application.xib; sourceTree = "<group>"; };
		D977E4461CD15CB40098C609 /* screenshot_tests.swift */ = {isa = PBXFileReference; fileEncoding = 4; lastKnownFileType = sourcecode.swift; path = screenshot_tests.swift; sourceTree = "<group>"; };
/* End PBXFileReference section */

/* Begin PBXFrameworksBuildPhase section */
		D91AEE6C1CD136DC00EC147D /* Frameworks */ = {
			isa = PBXFrameworksBuildPhase;
			buildActionMask = 2147483647;
			files = (
			);
			runOnlyForDeploymentPostprocessing = 0;
		};
		D91AEE7D1CD136DC00EC147D /* Frameworks */ = {
			isa = PBXFrameworksBuildPhase;
			buildActionMask = 2147483647;
			files = (
			);
			runOnlyForDeploymentPostprocessing = 0;
		};
		D91AEE881CD136DC00EC147D /* Frameworks */ = {
			isa = PBXFrameworksBuildPhase;
			buildActionMask = 2147483647;
			files = (
			);
			runOnlyForDeploymentPostprocessing = 0;
		};
/* End PBXFrameworksBuildPhase section */

/* Begin PBXGroup section */
		D91AEE661CD136DC00EC147D = {
			isa = PBXGroup;
			children = (
				D91AEE711CD136DC00EC147D /* beam-osx */,
				D91AEE831CD136DC00EC147D /* beam-osxTests */,
				D91AEE8E1CD136DC00EC147D /* beam-osxUITests */,
				D91AEE701CD136DC00EC147D /* Products */,
			);
			sourceTree = "<group>";
		};
		D91AEE701CD136DC00EC147D /* Products */ = {
			isa = PBXGroup;
			children = (
				D91AEE6F1CD136DC00EC147D /* beam-osx.app */,
				D91AEE801CD136DC00EC147D /* beam-osxTests.xctest */,
				D91AEE8B1CD136DC00EC147D /* beam-osxUITests.xctest */,
			);
			name = Products;
			sourceTree = "<group>";
		};
		D91AEE711CD136DC00EC147D /* beam-osx */ = {
			isa = PBXGroup;
			children = (
				D91AEE721CD136DC00EC147D /* AppDelegate.swift */,
				D91AEE741CD136DC00EC147D /* ViewController.swift */,
				D91AEE761CD136DC00EC147D /* Assets.xcassets */,
				D91AEE7B1CD136DC00EC147D /* Info.plist */,
				D977E43C1CD13D650098C609 /* Screenshot.swift */,
				D977E4421CD145110098C609 /* Application.xib */,
			);
			path = "beam-osx";
			sourceTree = "<group>";
		};
		D91AEE831CD136DC00EC147D /* beam-osxTests */ = {
			isa = PBXGroup;
			children = (
				D91AEE841CD136DC00EC147D /* beam_osxTests.swift */,
				D91AEE861CD136DC00EC147D /* Info.plist */,
				D977E4461CD15CB40098C609 /* screenshot_tests.swift */,
			);
			path = "beam-osxTests";
			sourceTree = "<group>";
		};
		D91AEE8E1CD136DC00EC147D /* beam-osxUITests */ = {
			isa = PBXGroup;
			children = (
				D91AEE8F1CD136DC00EC147D /* beam_osxUITests.swift */,
				D91AEE911CD136DC00EC147D /* Info.plist */,
			);
			path = "beam-osxUITests";
			sourceTree = "<group>";
		};
/* End PBXGroup section */

/* Begin PBXNativeTarget section */
		D91AEE6E1CD136DC00EC147D /* beam-osx */ = {
			isa = PBXNativeTarget;
			buildConfigurationList = D91AEE941CD136DC00EC147D /* Build configuration list for PBXNativeTarget "beam-osx" */;
			buildPhases = (
				D91AEE6B1CD136DC00EC147D /* Sources */,
				D91AEE6C1CD136DC00EC147D /* Frameworks */,
				D91AEE6D1CD136DC00EC147D /* Resources */,
			);
			buildRules = (
			);
			dependencies = (
			);
			name = "beam-osx";
			productName = "beam-osx";
			productReference = D91AEE6F1CD136DC00EC147D /* beam-osx.app */;
			productType = "com.apple.product-type.application";
		};
		D91AEE7F1CD136DC00EC147D /* beam-osxTests */ = {
			isa = PBXNativeTarget;
			buildConfigurationList = D91AEE971CD136DC00EC147D /* Build configuration list for PBXNativeTarget "beam-osxTests" */;
			buildPhases = (
				D91AEE7C1CD136DC00EC147D /* Sources */,
				D91AEE7D1CD136DC00EC147D /* Frameworks */,
				D91AEE7E1CD136DC00EC147D /* Resources */,
			);
			buildRules = (
			);
			dependencies = (
				D91AEE821CD136DC00EC147D /* PBXTargetDependency */,
			);
			name = "beam-osxTests";
			productName = "beam-osxTests";
			productReference = D91AEE801CD136DC00EC147D /* beam-osxTests.xctest */;
			productType = "com.apple.product-type.bundle.unit-test";
		};
		D91AEE8A1CD136DC00EC147D /* beam-osxUITests */ = {
			isa = PBXNativeTarget;
			buildConfigurationList = D91AEE9A1CD136DC00EC147D /* Build configuration list for PBXNativeTarget "beam-osxUITests" */;
			buildPhases = (
				D91AEE871CD136DC00EC147D /* Sources */,
				D91AEE881CD136DC00EC147D /* Frameworks */,
				D91AEE891CD136DC00EC147D /* Resources */,
			);
			buildRules = (
			);
			dependencies = (
				D91AEE8D1CD136DC00EC147D /* PBXTargetDependency */,
			);
			name = "beam-osxUITests";
			productName = "beam-osxUITests";
			productReference = D91AEE8B1CD136DC00EC147D /* beam-osxUITests.xctest */;
			productType = "com.apple.product-type.bundle.ui-testing";
		};
/* End PBXNativeTarget section */

/* Begin PBXProject section */
		D91AEE671CD136DC00EC147D /* Project object */ = {
			isa = PBXProject;
			attributes = {
				LastSwiftUpdateCheck = 0730;
				LastUpgradeCheck = 0730;
				ORGANIZATIONNAME = beam;
				TargetAttributes = {
					D91AEE6E1CD136DC00EC147D = {
						CreatedOnToolsVersion = 7.3;
					};
					D91AEE7F1CD136DC00EC147D = {
						CreatedOnToolsVersion = 7.3;
						TestTargetID = D91AEE6E1CD136DC00EC147D;
					};
					D91AEE8A1CD136DC00EC147D = {
						CreatedOnToolsVersion = 7.3;
						TestTargetID = D91AEE6E1CD136DC00EC147D;
					};
				};
			};
			buildConfigurationList = D91AEE6A1CD136DC00EC147D /* Build configuration list for PBXProject "beam-osx" */;
			compatibilityVersion = "Xcode 3.2";
			developmentRegion = English;
			hasScannedForEncodings = 0;
			knownRegions = (
				en,
				Base,
			);
			mainGroup = D91AEE661CD136DC00EC147D;
			productRefGroup = D91AEE701CD136DC00EC147D /* Products */;
			projectDirPath = "";
			projectRoot = "";
			targets = (
				D91AEE6E1CD136DC00EC147D /* beam-osx */,
				D91AEE7F1CD136DC00EC147D /* beam-osxTests */,
				D91AEE8A1CD136DC00EC147D /* beam-osxUITests */,
			);
		};
/* End PBXProject section */

/* Begin PBXResourcesBuildPhase section */
		D91AEE6D1CD136DC00EC147D /* Resources */ = {
			isa = PBXResourcesBuildPhase;
			buildActionMask = 2147483647;
			files = (
				D977E4431CD145110098C609 /* Application.xib in Resources */,
				D91AEE771CD136DC00EC147D /* Assets.xcassets in Resources */,
			);
			runOnlyForDeploymentPostprocessing = 0;
		};
		D91AEE7E1CD136DC00EC147D /* Resources */ = {
			isa = PBXResourcesBuildPhase;
			buildActionMask = 2147483647;
			files = (
			);
			runOnlyForDeploymentPostprocessing = 0;
		};
		D91AEE891CD136DC00EC147D /* Resources */ = {
			isa = PBXResourcesBuildPhase;
			buildActionMask = 2147483647;
			files = (
			);
			runOnlyForDeploymentPostprocessing = 0;
		};
/* End PBXResourcesBuildPhase section */

/* Begin PBXSourcesBuildPhase section */
		D91AEE6B1CD136DC00EC147D /* Sources */ = {
			isa = PBXSourcesBuildPhase;
			buildActionMask = 2147483647;
			files = (
				D91AEE751CD136DC00EC147D /* ViewController.swift in Sources */,
				D977E43D1CD13D650098C609 /* Screenshot.swift in Sources */,
				D91AEE731CD136DC00EC147D /* AppDelegate.swift in Sources */,
			);
			runOnlyForDeploymentPostprocessing = 0;
		};
		D91AEE7C1CD136DC00EC147D /* Sources */ = {
			isa = PBXSourcesBuildPhase;
			buildActionMask = 2147483647;
			files = (
				D91AEE851CD136DC00EC147D /* beam_osxTests.swift in Sources */,
				D977E4481CD15DFA0098C609 /* Screenshot.swift in Sources */,
				D977E4471CD15CB40098C609 /* screenshot_tests.swift in Sources */,
			);
			runOnlyForDeploymentPostprocessing = 0;
		};
		D91AEE871CD136DC00EC147D /* Sources */ = {
			isa = PBXSourcesBuildPhase;
			buildActionMask = 2147483647;
			files = (
				D91AEE901CD136DC00EC147D /* beam_osxUITests.swift in Sources */,
			);
			runOnlyForDeploymentPostprocessing = 0;
		};
/* End PBXSourcesBuildPhase section */

/* Begin PBXTargetDependency section */
		D91AEE821CD136DC00EC147D /* PBXTargetDependency */ = {
			isa = PBXTargetDependency;
			target = D91AEE6E1CD136DC00EC147D /* beam-osx */;
			targetProxy = D91AEE811CD136DC00EC147D /* PBXContainerItemProxy */;
		};
		D91AEE8D1CD136DC00EC147D /* PBXTargetDependency */ = {
			isa = PBXTargetDependency;
			target = D91AEE6E1CD136DC00EC147D /* beam-osx */;
			targetProxy = D91AEE8C1CD136DC00EC147D /* PBXContainerItemProxy */;
		};
/* End PBXTargetDependency section */

/* Begin XCBuildConfiguration section */
		D91AEE921CD136DC00EC147D /* Debug */ = {
			isa = XCBuildConfiguration;
			buildSettings = {
				ALWAYS_SEARCH_USER_PATHS = NO;
				CLANG_ANALYZER_NONNULL = YES;
				CLANG_CXX_LANGUAGE_STANDARD = "gnu++0x";
				CLANG_CXX_LIBRARY = "libc++";
				CLANG_ENABLE_MODULES = YES;
				CLANG_ENABLE_OBJC_ARC = YES;
				CLANG_WARN_BOOL_CONVERSION = YES;
				CLANG_WARN_CONSTANT_CONVERSION = YES;
				CLANG_WARN_DIRECT_OBJC_ISA_USAGE = YES_ERROR;
				CLANG_WARN_EMPTY_BODY = YES;
				CLANG_WARN_ENUM_CONVERSION = YES;
				CLANG_WARN_INT_CONVERSION = YES;
				CLANG_WARN_OBJC_ROOT_CLASS = YES_ERROR;
				CLANG_WARN_UNREACHABLE_CODE = YES;
				CLANG_WARN__DUPLICATE_METHOD_MATCH = YES;
				CODE_SIGN_IDENTITY = "-";
				COPY_PHASE_STRIP = NO;
				DEBUG_INFORMATION_FORMAT = dwarf;
				ENABLE_STRICT_OBJC_MSGSEND = YES;
				ENABLE_TESTABILITY = YES;
				GCC_C_LANGUAGE_STANDARD = gnu99;
				GCC_DYNAMIC_NO_PIC = NO;
				GCC_NO_COMMON_BLOCKS = YES;
				GCC_OPTIMIZATION_LEVEL = 0;
				GCC_PREPROCESSOR_DEFINITIONS = (
					"DEBUG=1",
					"$(inherited)",
				);
				GCC_WARN_64_TO_32_BIT_CONVERSION = YES;
				GCC_WARN_ABOUT_RETURN_TYPE = YES_ERROR;
				GCC_WARN_UNDECLARED_SELECTOR = YES;
				GCC_WARN_UNINITIALIZED_AUTOS = YES_AGGRESSIVE;
				GCC_WARN_UNUSED_FUNCTION = YES;
				GCC_WARN_UNUSED_VARIABLE = YES;
				MACOSX_DEPLOYMENT_TARGET = 10.11;
				MTL_ENABLE_DEBUG_INFO = YES;
				ONLY_ACTIVE_ARCH = YES;
				SDKROOT = macosx;
				SWIFT_OPTIMIZATION_LEVEL = "-Onone";
			};
			name = Debug;
		};
		D91AEE931CD136DC00EC147D /* Release */ = {
			isa = XCBuildConfiguration;
			buildSettings = {
				ALWAYS_SEARCH_USER_PATHS = NO;
				CLANG_ANALYZER_NONNULL = YES;
				CLANG_CXX_LANGUAGE_STANDARD = "gnu++0x";
				CLANG_CXX_LIBRARY = "libc++";
				CLANG_ENABLE_MODULES = YES;
				CLANG_ENABLE_OBJC_ARC = YES;
				CLANG_WARN_BOOL_CONVERSION = YES;
				CLANG_WARN_CONSTANT_CONVERSION = YES;
				CLANG_WARN_DIRECT_OBJC_ISA_USAGE = YES_ERROR;
				CLANG_WARN_EMPTY_BODY = YES;
				CLANG_WARN_ENUM_CONVERSION = YES;
				CLANG_WARN_INT_CONVERSION = YES;
				CLANG_WARN_OBJC_ROOT_CLASS = YES_ERROR;
				CLANG_WARN_UNREACHABLE_CODE = YES;
				CLANG_WARN__DUPLICATE_METHOD_MATCH = YES;
				CODE_SIGN_IDENTITY = "-";
				COPY_PHASE_STRIP = NO;
				DEBUG_INFORMATION_FORMAT = "dwarf-with-dsym";
				ENABLE_NS_ASSERTIONS = NO;
				ENABLE_STRICT_OBJC_MSGSEND = YES;
				GCC_C_LANGUAGE_STANDARD = gnu99;
				GCC_NO_COMMON_BLOCKS = YES;
				GCC_WARN_64_TO_32_BIT_CONVERSION = YES;
				GCC_WARN_ABOUT_RETURN_TYPE = YES_ERROR;
				GCC_WARN_UNDECLARED_SELECTOR = YES;
				GCC_WARN_UNINITIALIZED_AUTOS = YES_AGGRESSIVE;
				GCC_WARN_UNUSED_FUNCTION = YES;
				GCC_WARN_UNUSED_VARIABLE = YES;
				MACOSX_DEPLOYMENT_TARGET = 10.11;
				MTL_ENABLE_DEBUG_INFO = NO;
				SDKROOT = macosx;
			};
			name = Release;
		};
		D91AEE951CD136DC00EC147D /* Debug */ = {
			isa = XCBuildConfiguration;
			buildSettings = {
				ASSETCATALOG_COMPILER_APPICON_NAME = AppIcon;
				COMBINE_HIDPI_IMAGES = YES;
				INFOPLIST_FILE = "beam-osx/Info.plist";
				LD_RUNPATH_SEARCH_PATHS = "$(inherited) @executable_path/../Frameworks";
				PRODUCT_BUNDLE_IDENTIFIER = "de.chrispop.beam-osx";
				PRODUCT_NAME = "$(TARGET_NAME)";
			};
			name = Debug;
		};
		D91AEE961CD136DC00EC147D /* Release */ = {
			isa = XCBuildConfiguration;
			buildSettings = {
				ASSETCATALOG_COMPILER_APPICON_NAME = AppIcon;
				COMBINE_HIDPI_IMAGES = YES;
				INFOPLIST_FILE = "beam-osx/Info.plist";
				LD_RUNPATH_SEARCH_PATHS = "$(inherited) @executable_path/../Frameworks";
				PRODUCT_BUNDLE_IDENTIFIER = "de.chrispop.beam-osx";
				PRODUCT_NAME = "$(TARGET_NAME)";
			};
			name = Release;
		};
		D91AEE981CD136DC00EC147D /* Debug */ = {
			isa = XCBuildConfiguration;
			buildSettings = {
				BUNDLE_LOADER = "$(TEST_HOST)";
				COMBINE_HIDPI_IMAGES = YES;
				INFOPLIST_FILE = "beam-osxTests/Info.plist";
				LD_RUNPATH_SEARCH_PATHS = "$(inherited) @executable_path/../Frameworks @loader_path/../Frameworks";
				PRODUCT_BUNDLE_IDENTIFIER = "de.chrispop.beam-osxTests";
				PRODUCT_NAME = "$(TARGET_NAME)";
				TEST_HOST = "$(BUILT_PRODUCTS_DIR)/beam-osx.app/Contents/MacOS/beam-osx";
			};
			name = Debug;
		};
		D91AEE991CD136DC00EC147D /* Release */ = {
			isa = XCBuildConfiguration;
			buildSettings = {
				BUNDLE_LOADER = "$(TEST_HOST)";
				COMBINE_HIDPI_IMAGES = YES;
				INFOPLIST_FILE = "beam-osxTests/Info.plist";
				LD_RUNPATH_SEARCH_PATHS = "$(inherited) @executable_path/../Frameworks @loader_path/../Frameworks";
				PRODUCT_BUNDLE_IDENTIFIER = "de.chrispop.beam-osxTests";
				PRODUCT_NAME = "$(TARGET_NAME)";
				TEST_HOST = "$(BUILT_PRODUCTS_DIR)/beam-osx.app/Contents/MacOS/beam-osx";
			};
			name = Release;
		};
		D91AEE9B1CD136DC00EC147D /* Debug */ = {
			isa = XCBuildConfiguration;
			buildSettings = {
				COMBINE_HIDPI_IMAGES = YES;
				INFOPLIST_FILE = "beam-osxUITests/Info.plist";
				LD_RUNPATH_SEARCH_PATHS = "$(inherited) @executable_path/../Frameworks @loader_path/../Frameworks";
				PRODUCT_BUNDLE_IDENTIFIER = "de.chrispop.beam-osxUITests";
				PRODUCT_NAME = "$(TARGET_NAME)";
				TEST_TARGET_NAME = "beam-osx";
			};
			name = Debug;
		};
		D91AEE9C1CD136DC00EC147D /* Release */ = {
			isa = XCBuildConfiguration;
			buildSettings = {
				COMBINE_HIDPI_IMAGES = YES;
				INFOPLIST_FILE = "beam-osxUITests/Info.plist";
				LD_RUNPATH_SEARCH_PATHS = "$(inherited) @executable_path/../Frameworks @loader_path/../Frameworks";
				PRODUCT_BUNDLE_IDENTIFIER = "de.chrispop.beam-osxUITests";
				PRODUCT_NAME = "$(TARGET_NAME)";
				TEST_TARGET_NAME = "beam-osx";
			};
			name = Release;
		};
/* End XCBuildConfiguration section */

/* Begin XCConfigurationList section */
		D91AEE6A1CD136DC00EC147D /* Build configuration list for PBXProject "beam-osx" */ = {
			isa = XCConfigurationList;
			buildConfigurations = (
				D91AEE921CD136DC00EC147D /* Debug */,
				D91AEE931CD136DC00EC147D /* Release */,
			);
			defaultConfigurationIsVisible = 0;
			defaultConfigurationName = Release;
		};
		D91AEE941CD136DC00EC147D /* Build configuration list for PBXNativeTarget "beam-osx" */ = {
			isa = XCConfigurationList;
			buildConfigurations = (
				D91AEE951CD136DC00EC147D /* Debug */,
				D91AEE961CD136DC00EC147D /* Release */,
			);
			defaultConfigurationIsVisible = 0;
			defaultConfigurationName = Release;
		};
		D91AEE971CD136DC00EC147D /* Build configuration list for PBXNativeTarget "beam-osxTests" */ = {
			isa = XCConfigurationList;
			buildConfigurations = (
				D91AEE981CD136DC00EC147D /* Debug */,
				D91AEE991CD136DC00EC147D /* Release */,
			);
			defaultConfigurationIsVisible = 0;
			defaultConfigurationName = Release;
		};
		D91AEE9A1CD136DC00EC147D /* Build configuration list for PBXNativeTarget "beam-osxUITests" */ = {
			isa = XCConfigurationList;
			buildConfigurations = (
				D91AEE9B1CD136DC00EC147D /* Debug */,
				D91AEE9C1CD136DC00EC147D /* Release */,
			);
			defaultConfigurationIsVisible = 0;
			defaultConfigurationName = Release;
		};
/* End XCConfigurationList section */
	};
	rootObject = D91AEE671CD136DC00EC147D /* Project object */;
}
